
Microsoft Visual Studio Solution File, Format Version 12.00
# Visual Studio 14
VisualStudioVersion = 14.0.25420.1
MinimumVisualStudioVersion = 10.0.40219.1
Project("{FAE04EC0-301F-11D3-BF4B-00C04F79EFBC}") = "FiddlerWebSocket", "FiddlerWebSocket\FiddlerWebSocket.csproj", "{D40283E7-8D0A-4106-9B7C-8C7675C9BABB}"
EndProject
Global
	GlobalSection(SolutionConfigurationPlatforms) = preSolution
		Debug|Any CPU = Debug|Any CPU
		Release|Any CPU = Release|Any CPU
	EndGlobalSection
	GlobalSection(ProjectConfigurationPlatforms) = postSolution
		{D40283E7-8D0A-4106-9B7C-8C7675C9BABB}.Debug|Any CPU.ActiveCfg = Debug|Any CPU
		{D40283E7-8D0A-4106-9B7C-8C7675C9BABB}.Debug|Any CPU.Build.0 = Debug|Any CPU
		{D40283E7-8D0A-4106-9B7C-8C7675C9BABB}.Release|Any CPU.ActiveCfg = Release|Any CPU
		{D40283E7-8D0A-4106-9B7C-8C7675C9BABB}.Release|Any CPU.Build.0 = Release|Any CPU
	EndGlobalSection
	GlobalSection(SolutionProperties) = preSolution
		HideSolutionNode = FALSE
	EndGlobalSection
EndGlobal
